// !$*UTF8*$!
{
	archiveVersion = 1;
	classes = {
	};
	objectVersion = 46;
	objects = {

/* Begin PBXBuildFile section */
		341194E6390E6EAF5B4E2D57 /* Pods_PokeSearch.framework in Frameworks */ = {isa = PBXBuildFile; fileRef = F30A2A99BA33F4F06411620A /* Pods_PokeSearch.framework */; };
		8C8E96AE1DF7AE750012EF43 /* GeoFire.m in Sources */ = {isa = PBXBuildFile; fileRef = 8C8E96A51DF7AE750012EF43 /* GeoFire.m */; };
		8C8E96AF1DF7AE750012EF43 /* GFBase32Utils.m in Sources */ = {isa = PBXBuildFile; fileRef = 8C8E96A71DF7AE750012EF43 /* GFBase32Utils.m */; };
		8C8E96B01DF7AE750012EF43 /* GFGeoHash.m in Sources */ = {isa = PBXBuildFile; fileRef = 8C8E96A91DF7AE750012EF43 /* GFGeoHash.m */; };
		8C8E96B11DF7AE750012EF43 /* GFGeoHashQuery.m in Sources */ = {isa = PBXBuildFile; fileRef = 8C8E96AB1DF7AE750012EF43 /* GFGeoHashQuery.m */; };
		8C8E96B21DF7AE750012EF43 /* GFQuery.m in Sources */ = {isa = PBXBuildFile; fileRef = 8C8E96AD1DF7AE750012EF43 /* GFQuery.m */; };
		8CB5FA0E1DF7A8B700C005EF /* AppDelegate.swift in Sources */ = {isa = PBXBuildFile; fileRef = 8CB5FA0D1DF7A8B700C005EF /* AppDelegate.swift */; };
		8CB5FA101DF7A8B700C005EF /* ViewController.swift in Sources */ = {isa = PBXBuildFile; fileRef = 8CB5FA0F1DF7A8B700C005EF /* ViewController.swift */; };
		8CB5FA131DF7A8B700C005EF /* Main.storyboard in Resources */ = {isa = PBXBuildFile; fileRef = 8CB5FA111DF7A8B700C005EF /* Main.storyboard */; };
		8CB5FA151DF7A8B700C005EF /* Assets.xcassets in Resources */ = {isa = PBXBuildFile; fileRef = 8CB5FA141DF7A8B700C005EF /* Assets.xcassets */; };
		8CB5FA181DF7A8B700C005EF /* LaunchScreen.storyboard in Resources */ = {isa = PBXBuildFile; fileRef = 8CB5FA161DF7A8B700C005EF /* LaunchScreen.storyboard */; };
		8CB5FA201DF7A9A800C005EF /* GoogleService-Info.plist in Resources */ = {isa = PBXBuildFile; fileRef = 8CB5FA1F1DF7A9A800C005EF /* GoogleService-Info.plist */; };
/* End PBXBuildFile section */

/* Begin PBXFileReference section */
		8C8E969E1DF7AE750012EF43 /* GeoFire.h */ = {isa = PBXFileReference; fileEncoding = 4; lastKnownFileType = sourcecode.c.h; path = GeoFire.h; sourceTree = "<group>"; };
		8C8E969F1DF7AE750012EF43 /* GFCircleQuery.h */ = {isa = PBXFileReference; fileEncoding = 4; lastKnownFileType = sourcecode.c.h; path = GFCircleQuery.h; sourceTree = "<group>"; };
		8C8E96A01DF7AE750012EF43 /* GFQuery.h */ = {isa = PBXFileReference; fileEncoding = 4; lastKnownFileType = sourcecode.c.h; path = GFQuery.h; sourceTree = "<group>"; };
		8C8E96A11DF7AE750012EF43 /* GFRegionQuery.h */ = {isa = PBXFileReference; fileEncoding = 4; lastKnownFileType = sourcecode.c.h; path = GFRegionQuery.h; sourceTree = "<group>"; };
		8C8E96A21DF7AE750012EF43 /* GeoFire-Prefix.pch */ = {isa = PBXFileReference; fileEncoding = 4; lastKnownFileType = sourcecode.c.h; path = "GeoFire-Prefix.pch"; sourceTree = "<group>"; };
		8C8E96A41DF7AE750012EF43 /* GeoFire+Private.h */ = {isa = PBXFileReference; fileEncoding = 4; lastKnownFileType = sourcecode.c.h; path = "GeoFire+Private.h"; sourceTree = "<group>"; };
		8C8E96A51DF7AE750012EF43 /* GeoFire.m */ = {isa = PBXFileReference; fileEncoding = 4; lastKnownFileType = sourcecode.c.objc; path = GeoFire.m; sourceTree = "<group>"; };
		8C8E96A61DF7AE750012EF43 /* GFBase32Utils.h */ = {isa = PBXFileReference; fileEncoding = 4; lastKnownFileType = sourcecode.c.h; path = GFBase32Utils.h; sourceTree = "<group>"; };
		8C8E96A71DF7AE750012EF43 /* GFBase32Utils.m */ = {isa = PBXFileReference; fileEncoding = 4; lastKnownFileType = sourcecode.c.objc; path = GFBase32Utils.m; sourceTree = "<group>"; };
		8C8E96A81DF7AE750012EF43 /* GFGeoHash.h */ = {isa = PBXFileReference; fileEncoding = 4; lastKnownFileType = sourcecode.c.h; path = GFGeoHash.h; sourceTree = "<group>"; };
		8C8E96A91DF7AE750012EF43 /* GFGeoHash.m */ = {isa = PBXFileReference; fileEncoding = 4; lastKnownFileType = sourcecode.c.objc; path = GFGeoHash.m; sourceTree = "<group>"; };
		8C8E96AA1DF7AE750012EF43 /* GFGeoHashQuery.h */ = {isa = PBXFileReference; fileEncoding = 4; lastKnownFileType = sourcecode.c.h; path = GFGeoHashQuery.h; sourceTree = "<group>"; };
		8C8E96AB1DF7AE750012EF43 /* GFGeoHashQuery.m */ = {isa = PBXFileReference; fileEncoding = 4; lastKnownFileType = sourcecode.c.objc; path = GFGeoHashQuery.m; sourceTree = "<group>"; };
		8C8E96AC1DF7AE750012EF43 /* GFQuery+Private.h */ = {isa = PBXFileReference; fileEncoding = 4; lastKnownFileType = sourcecode.c.h; path = "GFQuery+Private.h"; sourceTree = "<group>"; };
		8C8E96AD1DF7AE750012EF43 /* GFQuery.m */ = {isa = PBXFileReference; fileEncoding = 4; lastKnownFileType = sourcecode.c.objc; path = GFQuery.m; sourceTree = "<group>"; };
		8C8E96B61DF7B0E00012EF43 /* PokeSearch-Bridging-Header.h */ = {isa = PBXFileReference; lastKnownFileType = sourcecode.c.h; path = "PokeSearch-Bridging-Header.h"; sourceTree = "<group>"; };
		8CB5FA0A1DF7A8B700C005EF /* PokeSearch.app */ = {isa = PBXFileReference; explicitFileType = wrapper.application; includeInIndex = 0; path = PokeSearch.app; sourceTree = BUILT_PRODUCTS_DIR; };
		8CB5FA0D1DF7A8B700C005EF /* AppDelegate.swift */ = {isa = PBXFileReference; lastKnownFileType = sourcecode.swift; path = AppDelegate.swift; sourceTree = "<group>"; };
		8CB5FA0F1DF7A8B700C005EF /* ViewController.swift */ = {isa = PBXFileReference; lastKnownFileType = sourcecode.swift; path = ViewController.swift; sourceTree = "<group>"; };
		8CB5FA121DF7A8B700C005EF /* Base */ = {isa = PBXFileReference; lastKnownFileType = file.storyboard; name = Base; path = Base.lproj/Main.storyboard; sourceTree = "<group>"; };
		8CB5FA141DF7A8B700C005EF /* Assets.xcassets */ = {isa = PBXFileReference; lastKnownFileType = folder.assetcatalog; path = Assets.xcassets; sourceTree = "<group>"; };
		8CB5FA171DF7A8B700C005EF /* Base */ = {isa = PBXFileReference; lastKnownFileType = file.storyboard; name = Base; path = Base.lproj/LaunchScreen.storyboard; sourceTree = "<group>"; };
		8CB5FA191DF7A8B700C005EF /* Info.plist */ = {isa = PBXFileReference; lastKnownFileType = text.plist.xml; path = Info.plist; sourceTree = "<group>"; };
		8CB5FA1F1DF7A9A800C005EF /* GoogleService-Info.plist */ = {isa = PBXFileReference; fileEncoding = 4; lastKnownFileType = text.plist.xml; path = "GoogleService-Info.plist"; sourceTree = "<group>"; };
		A081DC690FE04DC7082CA80D /* Pods-PokeSearch.release.xcconfig */ = {isa = PBXFileReference; includeInIndex = 1; lastKnownFileType = text.xcconfig; name = "Pods-PokeSearch.release.xcconfig"; path = "Pods/Target Support Files/Pods-PokeSearch/Pods-PokeSearch.release.xcconfig"; sourceTree = "<group>"; };
		A974740A93EE1DF7BD5FD5F7 /* Pods-PokeSearch.debug.xcconfig */ = {isa = PBXFileReference; includeInIndex = 1; lastKnownFileType = text.xcconfig; name = "Pods-PokeSearch.debug.xcconfig"; path = "Pods/Target Support Files/Pods-PokeSearch/Pods-PokeSearch.debug.xcconfig"; sourceTree = "<group>"; };
		F30A2A99BA33F4F06411620A /* Pods_PokeSearch.framework */ = {isa = PBXFileReference; explicitFileType = wrapper.framework; includeInIndex = 0; path = Pods_PokeSearch.framework; sourceTree = BUILT_PRODUCTS_DIR; };
/* End PBXFileReference section */

/* Begin PBXFrameworksBuildPhase section */
		8CB5FA071DF7A8B700C005EF /* Frameworks */ = {
			isa = PBXFrameworksBuildPhase;
			buildActionMask = 2147483647;
			files = (
				341194E6390E6EAF5B4E2D57 /* Pods_PokeSearch.framework in Frameworks */,
			);
			runOnlyForDeploymentPostprocessing = 0;
		};
/* End PBXFrameworksBuildPhase section */

/* Begin PBXGroup section */
		2FD1D3E842DBBC6E4FB320C9 /* Pods */ = {
			isa = PBXGroup;
			children = (
				A974740A93EE1DF7BD5FD5F7 /* Pods-PokeSearch.debug.xcconfig */,
				A081DC690FE04DC7082CA80D /* Pods-PokeSearch.release.xcconfig */,
			);
			name = Pods;
			sourceTree = "<group>";
		};
		6C9E392FC9F476F9B1FA19B7 /* Frameworks */ = {
			isa = PBXGroup;
			children = (
				F30A2A99BA33F4F06411620A /* Pods_PokeSearch.framework */,
			);
			name = Frameworks;
			sourceTree = "<group>";
		};
		8C8E969C1DF7AE750012EF43 /* GeoFire */ = {
			isa = PBXGroup;
			children = (
				8C8E969D1DF7AE750012EF43 /* API */,
				8C8E96A21DF7AE750012EF43 /* GeoFire-Prefix.pch */,
				8C8E96A31DF7AE750012EF43 /* Implementation */,
			);
			path = GeoFire;
			sourceTree = "<group>";
		};
		8C8E969D1DF7AE750012EF43 /* API */ = {
			isa = PBXGroup;
			children = (
				8C8E969E1DF7AE750012EF43 /* GeoFire.h */,
				8C8E969F1DF7AE750012EF43 /* GFCircleQuery.h */,
				8C8E96A01DF7AE750012EF43 /* GFQuery.h */,
				8C8E96A11DF7AE750012EF43 /* GFRegionQuery.h */,
			);
			path = API;
			sourceTree = "<group>";
		};
		8C8E96A31DF7AE750012EF43 /* Implementation */ = {
			isa = PBXGroup;
			children = (
				8C8E96A41DF7AE750012EF43 /* GeoFire+Private.h */,
				8C8E96A51DF7AE750012EF43 /* GeoFire.m */,
				8C8E96A61DF7AE750012EF43 /* GFBase32Utils.h */,
				8C8E96A71DF7AE750012EF43 /* GFBase32Utils.m */,
				8C8E96A81DF7AE750012EF43 /* GFGeoHash.h */,
				8C8E96A91DF7AE750012EF43 /* GFGeoHash.m */,
				8C8E96AA1DF7AE750012EF43 /* GFGeoHashQuery.h */,
				8C8E96AB1DF7AE750012EF43 /* GFGeoHashQuery.m */,
				8C8E96AC1DF7AE750012EF43 /* GFQuery+Private.h */,
				8C8E96AD1DF7AE750012EF43 /* GFQuery.m */,
			);
			path = Implementation;
			sourceTree = "<group>";
		};
		8CB5FA011DF7A8B700C005EF = {
			isa = PBXGroup;
			children = (
				8CB5FA0C1DF7A8B700C005EF /* PokeSearch */,
				8CB5FA0B1DF7A8B700C005EF /* Products */,
				2FD1D3E842DBBC6E4FB320C9 /* Pods */,
				6C9E392FC9F476F9B1FA19B7 /* Frameworks */,
			);
			sourceTree = "<group>";
		};
		8CB5FA0B1DF7A8B700C005EF /* Products */ = {
			isa = PBXGroup;
			children = (
				8CB5FA0A1DF7A8B700C005EF /* PokeSearch.app */,
			);
			name = Products;
			sourceTree = "<group>";
		};
		8CB5FA0C1DF7A8B700C005EF /* PokeSearch */ = {
			isa = PBXGroup;
			children = (
				8C8E969C1DF7AE750012EF43 /* GeoFire */,
				8CB5FA0D1DF7A8B700C005EF /* AppDelegate.swift */,
				8CB5FA0F1DF7A8B700C005EF /* ViewController.swift */,
				8CB5FA111DF7A8B700C005EF /* Main.storyboard */,
				8CB5FA141DF7A8B700C005EF /* Assets.xcassets */,
				8CB5FA161DF7A8B700C005EF /* LaunchScreen.storyboard */,
				8CB5FA191DF7A8B700C005EF /* Info.plist */,
				8CB5FA1F1DF7A9A800C005EF /* GoogleService-Info.plist */,
				8C8E96B61DF7B0E00012EF43 /* PokeSearch-Bridging-Header.h */,
			);
			path = PokeSearch;
			sourceTree = "<group>";
		};
/* End PBXGroup section */

/* Begin PBXNativeTarget section */
		8CB5FA091DF7A8B700C005EF /* PokeSearch */ = {
			isa = PBXNativeTarget;
			buildConfigurationList = 8CB5FA1C1DF7A8B700C005EF /* Build configuration list for PBXNativeTarget "PokeSearch" */;
			buildPhases = (
				D86B072F46D1F5815B5B599F /* [CP] Check Pods Manifest.lock */,
				8CB5FA061DF7A8B700C005EF /* Sources */,
				8CB5FA071DF7A8B700C005EF /* Frameworks */,
				8CB5FA081DF7A8B700C005EF /* Resources */,
				021D234821427DFA5735265E /* [CP] Embed Pods Frameworks */,
				D14F12446519BB9753BD7889 /* [CP] Copy Pods Resources */,
			);
			buildRules = (
			);
			dependencies = (
			);
			name = PokeSearch;
			productName = PokeSearch;
			productReference = 8CB5FA0A1DF7A8B700C005EF /* PokeSearch.app */;
			productType = "com.apple.product-type.application";
		};
/* End PBXNativeTarget section */

/* Begin PBXProject section */
		8CB5FA021DF7A8B700C005EF /* Project object */ = {
			isa = PBXProject;
			attributes = {
				LastSwiftUpdateCheck = 0800;
				LastUpgradeCheck = 0800;
				ORGANIZATIONNAME = nizar;
				TargetAttributes = {
					8CB5FA091DF7A8B700C005EF = {
						CreatedOnToolsVersion = 8.0;
						DevelopmentTeam = FA7YMTU4W8;
						ProvisioningStyle = Automatic;
					};
				};
			};
			buildConfigurationList = 8CB5FA051DF7A8B700C005EF /* Build configuration list for PBXProject "PokeSearch" */;
			compatibilityVersion = "Xcode 3.2";
			developmentRegion = English;
			hasScannedForEncodings = 0;
			knownRegions = (
				en,
				Base,
			);
			mainGroup = 8CB5FA011DF7A8B700C005EF;
			productRefGroup = 8CB5FA0B1DF7A8B700C005EF /* Products */;
			projectDirPath = "";
			projectRoot = "";
			targets = (
				8CB5FA091DF7A8B700C005EF /* PokeSearch */,
			);
		};
/* End PBXProject section */

/* Begin PBXResourcesBuildPhase section */
		8CB5FA081DF7A8B700C005EF /* Resources */ = {
			isa = PBXResourcesBuildPhase;
			buildActionMask = 2147483647;
			files = (
				8CB5FA181DF7A8B700C005EF /* LaunchScreen.storyboard in Resources */,
				8CB5FA201DF7A9A800C005EF /* GoogleService-Info.plist in Resources */,
				8CB5FA151DF7A8B700C005EF /* Assets.xcassets in Resources */,
				8CB5FA131DF7A8B700C005EF /* Main.storyboard in Resources */,
			);
			runOnlyForDeploymentPostprocessing = 0;
		};
/* End PBXResourcesBuildPhase section */

/* Begin PBXShellScriptBuildPhase section */
		021D234821427DFA5735265E /* [CP] Embed Pods Frameworks */ = {
			isa = PBXShellScriptBuildPhase;
			buildActionMask = 2147483647;
			files = (
			);
			inputPaths = (
			);
			name = "[CP] Embed Pods Frameworks";
			outputPaths = (
			);
			runOnlyForDeploymentPostprocessing = 0;
			shellPath = /bin/sh;
			shellScript = "\"${SRCROOT}/Pods/Target Support Files/Pods-PokeSearch/Pods-PokeSearch-frameworks.sh\"\n";
			showEnvVarsInLog = 0;
		};
		D14F12446519BB9753BD7889 /* [CP] Copy Pods Resources */ = {
			isa = PBXShellScriptBuildPhase;
			buildActionMask = 2147483647;
			files = (
			);
			inputPaths = (
			);
			name = "[CP] Copy Pods Resources";
			outputPaths = (
			);
			runOnlyForDeploymentPostprocessing = 0;
			shellPath = /bin/sh;
			shellScript = "\"${SRCROOT}/Pods/Target Support Files/Pods-PokeSearch/Pods-PokeSearch-resources.sh\"\n";
			showEnvVarsInLog = 0;
		};
		D86B072F46D1F5815B5B599F /* [CP] Check Pods Manifest.lock */ = {
			isa = PBXShellScriptBuildPhase;
			buildActionMask = 2147483647;
			files = (
			);
			inputPaths = (
			);
			name = "[CP] Check Pods Manifest.lock";
			outputPaths = (
			);
			runOnlyForDeploymentPostprocessing = 0;
			shellPath = /bin/sh;
			shellScript = "diff \"${PODS_ROOT}/../Podfile.lock\" \"${PODS_ROOT}/Manifest.lock\" > /dev/null\nif [ $? != 0 ] ; then\n    # print error to STDERR\n    echo \"error: The sandbox is not in sync with the Podfile.lock. Run 'pod install' or update your CocoaPods installation.\" >&2\n    exit 1\nfi\n";
			showEnvVarsInLog = 0;
		};
/* End PBXShellScriptBuildPhase section */

/* Begin PBXSourcesBuildPhase section */
		8CB5FA061DF7A8B700C005EF /* Sources */ = {
			isa = PBXSourcesBuildPhase;
			buildActionMask = 2147483647;
			files = (
				8C8E96AF1DF7AE750012EF43 /* GFBase32Utils.m in Sources */,
				8CB5FA101DF7A8B700C005EF /* ViewController.swift in Sources */,
				8C8E96B01DF7AE750012EF43 /* GFGeoHash.m in Sources */,
				8CB5FA0E1DF7A8B700C005EF /* AppDelegate.swift in Sources */,
				8C8E96AE1DF7AE750012EF43 /* GeoFire.m in Sources */,
				8C8E96B11DF7AE750012EF43 /* GFGeoHashQuery.m in Sources */,
				8C8E96B21DF7AE750012EF43 /* GFQuery.m in Sources */,
			);
			runOnlyForDeploymentPostprocessing = 0;
		};
/* End PBXSourcesBuildPhase section */

/* Begin PBXVariantGroup section */
		8CB5FA111DF7A8B700C005EF /* Main.storyboard */ = {
			isa = PBXVariantGroup;
			children = (
				8CB5FA121DF7A8B700C005EF /* Base */,
			);
			name = Main.storyboard;
			sourceTree = "<group>";
		};
		8CB5FA161DF7A8B700C005EF /* LaunchScreen.storyboard */ = {
			isa = PBXVariantGroup;
			children = (
				8CB5FA171DF7A8B700C005EF /* Base */,
			);
			name = LaunchScreen.storyboard;
			sourceTree = "<group>";
		};
/* End PBXVariantGroup section */

/* Begin XCBuildConfiguration section */
		8CB5FA1A1DF7A8B700C005EF /* Debug */ = {
			isa = XCBuildConfiguration;
			buildSettings = {
				ALWAYS_SEARCH_USER_PATHS = NO;
				CLANG_ANALYZER_NONNULL = YES;
				CLANG_CXX_LANGUAGE_STANDARD = "gnu++0x";
				CLANG_CXX_LIBRARY = "libc++";
				CLANG_ENABLE_MODULES = YES;
				CLANG_ENABLE_OBJC_ARC = YES;
				CLANG_WARN_BOOL_CONVERSION = YES;
				CLANG_WARN_CONSTANT_CONVERSION = YES;
				CLANG_WARN_DIRECT_OBJC_ISA_USAGE = YES_ERROR;
				CLANG_WARN_DOCUMENTATION_COMMENTS = YES;
				CLANG_WARN_EMPTY_BODY = YES;
				CLANG_WARN_ENUM_CONVERSION = YES;
				CLANG_WARN_INFINITE_RECURSION = YES;
				CLANG_WARN_INT_CONVERSION = YES;
				CLANG_WARN_OBJC_ROOT_CLASS = YES_ERROR;
				CLANG_WARN_SUSPICIOUS_MOVES = YES;
				CLANG_WARN_UNREACHABLE_CODE = YES;
				CLANG_WARN__DUPLICATE_METHOD_MATCH = YES;
				"CODE_SIGN_IDENTITY[sdk=iphoneos*]" = "iPhone Developer";
				COPY_PHASE_STRIP = NO;
				DEBUG_INFORMATION_FORMAT = dwarf;
				ENABLE_STRICT_OBJC_MSGSEND = YES;
				ENABLE_TESTABILITY = YES;
				GCC_C_LANGUAGE_STANDARD = gnu99;
				GCC_DYNAMIC_NO_PIC = NO;
				GCC_NO_COMMON_BLOCKS = YES;
				GCC_OPTIMIZATION_LEVEL = 0;
				GCC_PREPROCESSOR_DEFINITIONS = (
					"DEBUG=1",
					"$(inherited)",
				);
				GCC_WARN_64_TO_32_BIT_CONVERSION = YES;
				GCC_WARN_ABOUT_RETURN_TYPE = YES_ERROR;
				GCC_WARN_UNDECLARED_SELECTOR = YES;
				GCC_WARN_UNINITIALIZED_AUTOS = YES_AGGRESSIVE;
				GCC_WARN_UNUSED_FUNCTION = YES;
				GCC_WARN_UNUSED_VARIABLE = YES;
				IPHONEOS_DEPLOYMENT_TARGET = 10.0;
				MTL_ENABLE_DEBUG_INFO = YES;
				ONLY_ACTIVE_ARCH = YES;
				SDKROOT = iphoneos;
				SWIFT_ACTIVE_COMPILATION_CONDITIONS = DEBUG;
				SWIFT_OPTIMIZATION_LEVEL = "-Onone";
			};
			name = Debug;
		};
		8CB5FA1B1DF7A8B700C005EF /* Release */ = {
			isa = XCBuildConfiguration;
			buildSettings = {
				ALWAYS_SEARCH_USER_PATHS = NO;
				CLANG_ANALYZER_NONNULL = YES;
				CLANG_CXX_LANGUAGE_STANDARD = "gnu++0x";
				CLANG_CXX_LIBRARY = "libc++";
				CLANG_ENABLE_MODULES = YES;
				CLANG_ENABLE_OBJC_ARC = YES;
				CLANG_WARN_BOOL_CONVERSION = YES;
				CLANG_WARN_CONSTANT_CONVERSION = YES;
				CLANG_WARN_DIRECT_OBJC_ISA_USAGE = YES_ERROR;
				CLANG_WARN_DOCUMENTATION_COMMENTS = YES;
				CLANG_WARN_EMPTY_BODY = YES;
				CLANG_WARN_ENUM_CONVERSION = YES;
				CLANG_WARN_INFINITE_RECURSION = YES;
				CLANG_WARN_INT_CONVERSION = YES;
				CLANG_WARN_OBJC_ROOT_CLASS = YES_ERROR;
				CLANG_WARN_SUSPICIOUS_MOVES = YES;
				CLANG_WARN_UNREACHABLE_CODE = YES;
				CLANG_WARN__DUPLICATE_METHOD_MATCH = YES;
				"CODE_SIGN_IDENTITY[sdk=iphoneos*]" = "iPhone Developer";
				COPY_PHASE_STRIP = NO;
				DEBUG_INFORMATION_FORMAT = "dwarf-with-dsym";
				ENABLE_NS_ASSERTIONS = NO;
				ENABLE_STRICT_OBJC_MSGSEND = YES;
				GCC_C_LANGUAGE_STANDARD = gnu99;
				GCC_NO_COMMON_BLOCKS = YES;
				GCC_WARN_64_TO_32_BIT_CONVERSION = YES;
				GCC_WARN_ABOUT_RETURN_TYPE = YES_ERROR;
				GCC_WARN_UNDECLARED_SELECTOR = YES;
				GCC_WARN_UNINITIALIZED_AUTOS = YES_AGGRESSIVE;
				GCC_WARN_UNUSED_FUNCTION = YES;
				GCC_WARN_UNUSED_VARIABLE = YES;
				IPHONEOS_DEPLOYMENT_TARGET = 10.0;
				MTL_ENABLE_DEBUG_INFO = NO;
				SDKROOT = iphoneos;
				SWIFT_OPTIMIZATION_LEVEL = "-Owholemodule";
				VALIDATE_PRODUCT = YES;
			};
			name = Release;
		};
		8CB5FA1D1DF7A8B700C005EF /* Debug */ = {
			isa = XCBuildConfiguration;
			baseConfigurationReference = A974740A93EE1DF7BD5FD5F7 /* Pods-PokeSearch.debug.xcconfig */;
			buildSettings = {
				ASSETCATALOG_COMPILER_APPICON_NAME = AppIcon;
				DEVELOPMENT_TEAM = FA7YMTU4W8;
				INFOPLIST_FILE = PokeSearch/Info.plist;
				LD_RUNPATH_SEARCH_PATHS = "$(inherited) @executable_path/Frameworks";
				PRODUCT_BUNDLE_IDENTIFIER = com.nizar.PokeSearch;
				PRODUCT_NAME = "$(TARGET_NAME)";
				SWIFT_OBJC_BRIDGING_HEADER = "PokeSearch/PokeSearch-Bridging-Header.h";
				SWIFT_VERSION = 3.0;
			};
			name = Debug;
		};
		8CB5FA1E1DF7A8B700C005EF /* Release */ = {
			isa = XCBuildConfiguration;
			baseConfigurationReference = A081DC690FE04DC7082CA80D /* Pods-PokeSearch.release.xcconfig */;
			buildSettings = {
				ASSETCATALOG_COMPILER_APPICON_NAME = AppIcon;
				DEVELOPMENT_TEAM = FA7YMTU4W8;
				INFOPLIST_FILE = PokeSearch/Info.plist;
				LD_RUNPATH_SEARCH_PATHS = "$(inherited) @executable_path/Frameworks";
				PRODUCT_BUNDLE_IDENTIFIER = com.nizar.PokeSearch;
				PRODUCT_NAME = "$(TARGET_NAME)";
				SWIFT_OBJC_BRIDGING_HEADER = "PokeSearch/PokeSearch-Bridging-Header.h";
				SWIFT_VERSION = 3.0;
			};
			name = Release;
		};
/* End XCBuildConfiguration section */

/* Begin XCConfigurationList section */
		8CB5FA051DF7A8B700C005EF /* Build configuration list for PBXProject "PokeSearch" */ = {
			isa = XCConfigurationList;
			buildConfigurations = (
				8CB5FA1A1DF7A8B700C005EF /* Debug */,
				8CB5FA1B1DF7A8B700C005EF /* Release */,
			);
			defaultConfigurationIsVisible = 0;
			defaultConfigurationName = Release;
		};
		8CB5FA1C1DF7A8B700C005EF /* Build configuration list for PBXNativeTarget "PokeSearch" */ = {
			isa = XCConfigurationList;
			buildConfigurations = (
				8CB5FA1D1DF7A8B700C005EF /* Debug */,
				8CB5FA1E1DF7A8B700C005EF /* Release */,
			);
			defaultConfigurationIsVisible = 0;
			defaultConfigurationName = Release;
		};
/* End XCConfigurationList section */
	};
	rootObject = 8CB5FA021DF7A8B700C005EF /* Project object */;
}
